
Microsoft Visual Studio Solution File, Format Version 12.00
# Visual Studio Version 17
VisualStudioVersion = 17.10.35027.167
MinimumVisualStudioVersion = 10.0.40219.1
Project("{FAE04EC0-301F-11D3-BF4B-00C04F79EFBC}") = "Tibia_Bot", "Tibia_Bot\Tibia_Bot.csproj", "{B92C8D16-B895-4FAC-8A2E-6D99D3FC569F}"
EndProject
Global
	GlobalSection(SolutionConfigurationPlatforms) = preSolution
		Debug|Any CPU = Debug|Any CPU
		Release|Any CPU = Release|Any CPU
	EndGlobalSection
	GlobalSection(ProjectConfigurationPlatforms) = postSolution
		{B92C8D16-B895-4FAC-8A2E-6D99D3FC569F}.Debug|Any CPU.ActiveCfg = Debug|Any CPU
		{B92C8D16-B895-4FAC-8A2E-6D99D3FC569F}.Debug|Any CPU.Build.0 = Debug|Any CPU
		{B92C8D16-B895-4FAC-8A2E-6D99D3FC569F}.Release|Any CPU.ActiveCfg = Release|Any CPU
		{B92C8D16-B895-4FAC-8A2E-6D99D3FC569F}.Release|Any CPU.Build.0 = Release|Any CPU
	EndGlobalSection
	GlobalSection(SolutionProperties) = preSolution
		HideSolutionNode = FALSE
	EndGlobalSection
	GlobalSection(ExtensibilityGlobals) = postSolution
		SolutionGuid = {31F2C7A3-9583-4D27-BD0C-BB8C6943E606}
	EndGlobalSection
EndGlobal
